{
  "name": "bitcore-lib-zen",
  "version": "1.0.1",
  "lockfileVersion": 3,
  "requires": true,
  "packages": {
    "": {
      "name": "bitcore-lib-zen",
      "version": "1.0.1",
      "license": "MIT",
      "dependencies": {
        "bn.js": "=5.2.1",
        "bs58": "=5.0.0",
        "buffer-compare": "=1.1.1",
        "elliptic": "6.5.7",
        "inherits": "=2.0.4",
        "lodash": "^4.17.21"
      },
      "devDependencies": {
        "bitcore-build-zen": "HorizenOfficial/bitcore-build-zen#v0.5.5",
        "brfs": "^1.2.0",
        "chai": "^1.10.0",
        "gulp": "^3.8.10",
        "mocha": "^6.1.4",
        "sinon": "^1.13.0"
      }
    }
  }
}
